
Microsoft Visual Studio Solution File, Format Version 12.00
# Visual Studio Version 17
VisualStudioVersion = 17.11.35222.181
MinimumVisualStudioVersion = 10.0.40219.1
Project("{FAE04EC0-301F-11D3-BF4B-00C04F79EFBC}") = "inf_sec_1", "inf_sec_1\inf_sec_1.csproj", "{5483A42A-AFB7-42FB-8FFC-21A0962727A1}"
EndProject
Project("{FAE04EC0-301F-11D3-BF4B-00C04F79EFBC}") = "inf_sec_1_test", "inf_sec_1_test\inf_sec_1_test.csproj", "{799879AF-8C86-47A3-88B7-207C582D49F9}"
EndProject
Global
	GlobalSection(SolutionConfigurationPlatforms) = preSolution
		Debug|Any CPU = Debug|Any CPU
		Release|Any CPU = Release|Any CPU
	EndGlobalSection
	GlobalSection(ProjectConfigurationPlatforms) = postSolution
		{5483A42A-AFB7-42FB-8FFC-21A0962727A1}.Debug|Any CPU.ActiveCfg = Debug|Any CPU
		{5483A42A-AFB7-42FB-8FFC-21A0962727A1}.Debug|Any CPU.Build.0 = Debug|Any CPU
		{5483A42A-AFB7-42FB-8FFC-21A0962727A1}.Release|Any CPU.ActiveCfg = Release|Any CPU
		{5483A42A-AFB7-42FB-8FFC-21A0962727A1}.Release|Any CPU.Build.0 = Release|Any CPU
		{799879AF-8C86-47A3-88B7-207C582D49F9}.Debug|Any CPU.ActiveCfg = Debug|Any CPU
		{799879AF-8C86-47A3-88B7-207C582D49F9}.Debug|Any CPU.Build.0 = Debug|Any CPU
		{799879AF-8C86-47A3-88B7-207C582D49F9}.Release|Any CPU.ActiveCfg = Release|Any CPU
		{799879AF-8C86-47A3-88B7-207C582D49F9}.Release|Any CPU.Build.0 = Release|Any CPU
	EndGlobalSection
	GlobalSection(SolutionProperties) = preSolution
		HideSolutionNode = FALSE
	EndGlobalSection
	GlobalSection(ExtensibilityGlobals) = postSolution
		SolutionGuid = {0FDC56E5-4B87-42FE-AF96-C4E482647758}
	EndGlobalSection
EndGlobal
