
Microsoft Visual Studio Solution File, Format Version 12.00
# Visual Studio Version 17
VisualStudioVersion = 17.5.002.0
MinimumVisualStudioVersion = 10.0.40219.1
Project("{9A19103F-16F7-4668-BE54-9A1E7A4F7556}") = "inf_sec_1", "inf_sec_1.csproj", "{C8A17C98-93EB-43DF-853B-48CFE68CE9CE}"
EndProject
Global
	GlobalSection(SolutionConfigurationPlatforms) = preSolution
		Debug|Any CPU = Debug|Any CPU
		Release|Any CPU = Release|Any CPU
	EndGlobalSection
	GlobalSection(ProjectConfigurationPlatforms) = postSolution
		{C8A17C98-93EB-43DF-853B-48CFE68CE9CE}.Debug|Any CPU.ActiveCfg = Debug|Any CPU
		{C8A17C98-93EB-43DF-853B-48CFE68CE9CE}.Debug|Any CPU.Build.0 = Debug|Any CPU
		{C8A17C98-93EB-43DF-853B-48CFE68CE9CE}.Release|Any CPU.ActiveCfg = Release|Any CPU
		{C8A17C98-93EB-43DF-853B-48CFE68CE9CE}.Release|Any CPU.Build.0 = Release|Any CPU
	EndGlobalSection
	GlobalSection(SolutionProperties) = preSolution
		HideSolutionNode = FALSE
	EndGlobalSection
	GlobalSection(ExtensibilityGlobals) = postSolution
		SolutionGuid = {D00C72DD-C76E-41CB-99B8-B497D1A136AF}
	EndGlobalSection
EndGlobal
